# THIS IS AN AUTOGENERATED FILE. DO NOT EDIT THIS FILE DIRECTLY.
# yarn lockfile v1


"@elastic/apm-rum-core@^4.5.4":
  version "4.5.4"
  resolved "https://registry.yarnpkg.com/@elastic/apm-rum-core/-/apm-rum-core-4.5.4.tgz#9610dddafd88e8f8d21cc504aded3dc485816573"
  integrity sha512-+HE90cKe9qAHgqgArk6Qe6AXR9Qu4XhSENfSa6kLSnmaYfsF81mgLCg8FVlvviQF423uOqGSadF3F0uc01A5nA==
  dependencies:
    error-stack-parser "^1.3.5"
    es6-promise "^4.2.8"
    opentracing "^0.14.3"
    uuid "^3.1.0"

"@elastic/apm-rum@^4.4.4":
  version "4.4.4"
  resolved "https://registry.yarnpkg.com/@elastic/apm-rum/-/apm-rum-4.4.4.tgz#431e4f4e7e203c014fac8b013f623e2061134527"
  integrity sha512-kfERuJAvO6he+ntqJnYscbtrW2itAAtk1+2kISvU8r1AGefnxgi/TtS6aGxQXrPH+YN4Cjb0I7NZITs8VIVJhQ==
  dependencies:
    "@elastic/apm-rum-core" "^4.5.4"

after-all-results@^2.0.0:
  version "2.0.0"
  resolved "https://registry.yarnpkg.com/after-all-results/-/after-all-results-2.0.0.tgz#6ac2fc202b500f88da8f4f5530cfa100f4c6a2d0"
  integrity sha1-asL8ICtQD4jaj09VMM+hAPTGotA=

async-cache@^1.1.0:
  version "1.1.0"
  resolved "https://registry.yarnpkg.com/async-cache/-/async-cache-1.1.0.tgz#4a9a5a89d065ec5d8e5254bd9ee96ba76c532b5a"
  integrity sha1-SppaidBl7F2OUlS9nulrp2xTK1o=
  dependencies:
    lru-cache "^4.0.0"

async-value-promise@^1.1.1:
  version "1.1.1"
  resolved "https://registry.yarnpkg.com/async-value-promise/-/async-value-promise-1.1.1.tgz#68957819e3eace804f3b4b69477e2bd276c15378"
  integrity sha512-c2RFDKjJle1rHa0YxN9Ysu97/QBu3Wa+NOejJxsX+1qVDJrkD3JL/GN1B3gaILAEXJXbu/4Z1lcoCHFESe/APA==
  dependencies:
    async-value "^1.2.2"

async-value@^1.2.2:
  version "1.2.2"
  resolved "https://registry.yarnpkg.com/async-value/-/async-value-1.2.2.tgz#84517a1e7cb6b1a5b5e181fa31be10437b7fb125"
  integrity sha1-hFF6Hny2saW14YH6Mb4QQ3t/sSU=

basic-auth@^2.0.1:
  version "2.0.1"
  resolved "https://registry.yarnpkg.com/basic-auth/-/basic-auth-2.0.1.tgz#b998279bf47ce38344b4f3cf916d4679bbf51e3a"
  integrity sha512-NF+epuEdnUYVlGuhaxbbq+dvJttwLnGY+YixlXlME5KpQ5W3CnXA5cVTneY3SPbPDRkcjMbifrwmFYcClgOZeg==
  dependencies:
    safe-buffer "5.1.2"

binary-search@^1.3.3:
  version "1.3.6"
  resolved "https://registry.yarnpkg.com/binary-search/-/binary-search-1.3.6.tgz#e32426016a0c5092f0f3598836a1c7da3560565c"
  integrity sha512-nbE1WxOTTrUWIfsfZ4aHGYu5DOuNkbxGokjV6Z2kxfJK3uaAb8zNK1muzOeipoLHZjInT4Br88BHpzevc681xA==

breadth-filter@^2.0.0:
  version "2.0.0"
  resolved "https://registry.yarnpkg.com/breadth-filter/-/breadth-filter-2.0.0.tgz#7b3f8737f46ba1946aec19355ecf5df2bdb7e47c"
  integrity sha512-thQShDXnFWSk2oVBixRCyrWsFoV5tfOpWKHmxwafHQDNxCfDBk539utpvytNjmlFrTMqz41poLwJvA1MW3z0MQ==
  dependencies:
    object.entries "^1.0.4"

console-log-level@^1.4.1:
  version "1.4.1"
  resolved "https://registry.yarnpkg.com/console-log-level/-/console-log-level-1.4.1.tgz#9c5a6bb9ef1ef65b05aba83028b0ff894cdf630a"
  integrity sha512-VZzbIORbP+PPcN/gg3DXClTLPLg5Slwd5fL2MIc+o1qZ4BXBvWyc6QxPk6T/Mkr6IVjRpoAGf32XxP3ZWMVRcQ==

container-info@^1.0.1:
  version "1.0.1"
  resolved "https://registry.yarnpkg.com/container-info/-/container-info-1.0.1.tgz#6b383cb5e197c8d921e88983388facb04124b56b"
  integrity sha512-wk/+uJvPHOFG+JSwQS+fw6H6yw3Oyc8Kw9L4O2MN817uA90OqJ59nlZbbLPqDudsjJ7Tetee3pwExdKpd2ahjQ==

cookie@^0.4.0:
  version "0.4.0"
  resolved "https://registry.yarnpkg.com/cookie/-/cookie-0.4.0.tgz#beb437e7022b3b6d49019d088665303ebe9c14ba"
  integrity sha512-+Hp8fLp57wnUSt0tY0tHEXh4voZRDnoIrZPqlo3DPiI4y9lwg/jqx+1Om94/W6ZaPDOUbnjOt/99w66zk+l1Xg==

core-util-is@^1.0.2:
  version "1.0.2"
  resolved "https://registry.yarnpkg.com/core-util-is/-/core-util-is-1.0.2.tgz#b5fd54220aa2bc5ab57aab7140c940754503c1a7"
  integrity sha1-tf1UIgqivFq1eqtxQMlAdUUDwac=

debug@^4.1.1:
  version "4.1.1"
  resolved "https://registry.yarnpkg.com/debug/-/debug-4.1.1.tgz#3b72260255109c6b589cee050f1d516139664791"
  integrity sha512-pYAIzeRo8J6KPEaJ0VWOh5Pzkbw/RetuzehGM7QRRX5he4fPHx2rdKMB256ehJCkX+XRQm16eZLqLNS8RSZXZw==
  dependencies:
    ms "^2.1.1"

define-properties@^1.1.3:
  version "1.1.3"
  resolved "https://registry.yarnpkg.com/define-properties/-/define-properties-1.1.3.tgz#cf88da6cbee26fe6db7094f61d870cbd84cee9f1"
  integrity sha512-3MqfYKj2lLzdMSf8ZIZE/V+Zuy+BgD6f164e8K2w7dgnpKArBDerGYpM46IYYcjnkdPNMjPk9A6VFB8+3SKlXQ==
  dependencies:
    object-keys "^1.0.12"

elastic-apm-http-client@^8.2.1:
  version "8.2.1"
  resolved "https://registry.yarnpkg.com/elastic-apm-http-client/-/elastic-apm-http-client-8.2.1.tgz#bb7bb5f03a5b484417990c5397ced36b47e8a0ec"
  integrity sha512-Yb5CR4TDhTCTa+vCrtbig7GijikU4SnvFVb7o1bP4Woo4hxzQw7JLkCYFWEaAZPe7hZRRXspuXeBPO2xjO5C6Q==
  dependencies:
    breadth-filter "^2.0.0"
    container-info "^1.0.1"
    end-of-stream "^1.4.1"
    fast-safe-stringify "^2.0.6"
    fast-stream-to-buffer "^1.0.0"
    pump "^3.0.0"
    readable-stream "^3.4.0"
    stream-chopper "^3.0.1"
    unicode-byte-truncate "^1.0.0"

elastic-apm-node@^2.17.0:
  version "2.17.0"
  resolved "https://registry.yarnpkg.com/elastic-apm-node/-/elastic-apm-node-2.17.0.tgz#b3b5a109298154db7d5528df59db0d9ef68d569f"
  integrity sha512-YmpHS3m2PQIwS2LvCz3YGNbT+9G+XIR1zwmy8B1vNWp5LpLCE9zEUPMpPfbz08SpfOgk2hJKF4MF4YcFPjeIJQ==
  dependencies:
    after-all-results "^2.0.0"
    async-value-promise "^1.1.1"
    basic-auth "^2.0.1"
    console-log-level "^1.4.1"
    cookie "^0.4.0"
    core-util-is "^1.0.2"
    elastic-apm-http-client "^8.2.1"
    end-of-stream "^1.4.1"
    fast-safe-stringify "^2.0.7"
    http-headers "^3.0.2"
    is-native "^1.0.1"
    measured-reporting "^1.51.1"
    monitor-event-loop-delay "^1.0.0"
    object-filter-sequence "^1.0.0"
    object-identity-map "^1.0.2"
    object.entries "^1.1.0"
    original-url "^1.2.3"
    read-pkg-up "^4.0.0"
    redact-secrets "^1.0.0"
    relative-microtime "^2.0.0"
    require-ancestors "^1.0.0"
    require-in-the-middle "^5.0.0"
    semver "^6.1.1"
    set-cookie-serde "^1.0.0"
    sql-summary "^1.0.1"
    stackman "^4.0.0"
    traceparent "^1.0.0"
    unicode-byte-truncate "^1.0.0"

end-of-stream@^1.1.0, end-of-stream@^1.4.1:
  version "1.4.3"
  resolved "https://registry.yarnpkg.com/end-of-stream/-/end-of-stream-1.4.3.tgz#9db9861620e47283cd49513be9c344f339ec5153"
  integrity sha512-cbNhPFS6MlYlWTGncSiDYbdqKhwWFy7kNeb1YSOG6K65i/wPTkLVCJQj0hXA4j0m5Da+hBWnqopEnu1FFelisQ==
  dependencies:
    once "^1.4.0"

error-callsites@^2.0.2:
  version "2.0.2"
  resolved "https://registry.yarnpkg.com/error-callsites/-/error-callsites-2.0.2.tgz#55c17a9490a85d72158563f13dc078851ca05b1e"
  integrity sha512-s35ELWAKAY9oPqnnfP1V4AnasWV0r2ihaLlpsCGrykZgcR/YKsMXV3q8Ap4Mmp8U90VxJqxKJE5Io0IkkRhJIg==

error-ex@^1.3.1:
  version "1.3.2"
  resolved "https://registry.yarnpkg.com/error-ex/-/error-ex-1.3.2.tgz#b4ac40648107fdcdcfae242f428bea8a14d4f1bf"
  integrity sha512-7dFHNmqeFSEt2ZBsCriorKnn3Z2pj+fd9kmI6QoWw4//DL+icEBfc0U7qJCisqrTsKTjw4fNFy2pW9OqStD84g==
  dependencies:
    is-arrayish "^0.2.1"

error-stack-parser@^1.3.5:
  version "1.3.6"
  resolved "https://registry.yarnpkg.com/error-stack-parser/-/error-stack-parser-1.3.6.tgz#e0e73b93e417138d1cd7c0b746b1a4a14854c292"
  integrity sha1-4Oc7k+QXE40c18C3RrGkoUhUwpI=
  dependencies:
    stackframe "^0.3.1"

es-abstract@^1.12.0:
  version "1.14.2"
  resolved "https://registry.yarnpkg.com/es-abstract/-/es-abstract-1.14.2.tgz#7ce108fad83068c8783c3cdf62e504e084d8c497"
  integrity sha512-DgoQmbpFNOofkjJtKwr87Ma5EW4Dc8fWhD0R+ndq7Oc456ivUfGOOP6oAZTTKl5/CcNMP+EN+e3/iUzgE0veZg==
  dependencies:
    es-to-primitive "^1.2.0"
    function-bind "^1.1.1"
    has "^1.0.3"
    has-symbols "^1.0.0"
    is-callable "^1.1.4"
    is-regex "^1.0.4"
    object-inspect "^1.6.0"
    object-keys "^1.1.1"
    string.prototype.trimleft "^2.0.0"
    string.prototype.trimright "^2.0.0"

es-to-primitive@^1.2.0:
  version "1.2.0"
  resolved "https://registry.yarnpkg.com/es-to-primitive/-/es-to-primitive-1.2.0.tgz#edf72478033456e8dda8ef09e00ad9650707f377"
  integrity sha512-qZryBOJjV//LaxLTV6UC//WewneB3LcXOL9NP++ozKVXsIIIpm/2c13UDiD9Jp2eThsecw9m3jPqDwTyobcdbg==
  dependencies:
    is-callable "^1.1.4"
    is-date-object "^1.0.1"
    is-symbol "^1.0.2"

es6-promise@^4.2.8:
  version "4.2.8"
  resolved "https://registry.yarnpkg.com/es6-promise/-/es6-promise-4.2.8.tgz#4eb21594c972bc40553d276e510539143db53e0a"
  integrity sha512-HJDGx5daxeIvxdBxvG2cb9g4tEvwIk3i8+nhX0yGrYmZUzbkdg8QbDevheDB8gd0//uPj4c1EQua8Q+MViT0/w==

fast-safe-stringify@^2.0.6, fast-safe-stringify@^2.0.7:
  version "2.0.7"
  resolved "https://registry.yarnpkg.com/fast-safe-stringify/-/fast-safe-stringify-2.0.7.tgz#124aa885899261f68aedb42a7c080de9da608743"
  integrity sha512-Utm6CdzT+6xsDk2m8S6uL8VHxNwI6Jub+e9NYTcAms28T84pTa25GJQV9j0CY0N1rM8hK4x6grpF2BQf+2qwVA==

fast-stream-to-buffer@^1.0.0:
  version "1.0.0"
  resolved "https://registry.yarnpkg.com/fast-stream-to-buffer/-/fast-stream-to-buffer-1.0.0.tgz#793340cc753e7ec9c7fb6d57a53a0b911cb0f588"
  integrity sha512-bI/544WUQlD2iXBibQbOMSmG07Hay7YrpXlKaeGTPT7H7pC0eitt3usak5vUwEvCGK/O7rUAM3iyQValGU22TQ==
  dependencies:
    end-of-stream "^1.4.1"

find-up@^3.0.0:
  version "3.0.0"
  resolved "https://registry.yarnpkg.com/find-up/-/find-up-3.0.0.tgz#49169f1d7993430646da61ecc5ae355c21c97b73"
  integrity sha512-1yD6RmLI1XBfxugvORwlck6f75tYL+iR0jqwsOrOxMZyGYqUuDhJ0l4AXdO1iX/FTs9cBAMEk1gWSEx1kSbylg==
  dependencies:
    locate-path "^3.0.0"

forwarded-parse@^2.1.0:
  version "2.1.0"
  resolved "https://registry.yarnpkg.com/forwarded-parse/-/forwarded-parse-2.1.0.tgz#1ae9d7a4be3af884f74d936d856f7d8c6abd0439"
  integrity sha512-as9a7Xelt0CvdUy7/qxrY73dZq2vMx49F556fwjjFrUyzq5uHHfeLgD2cCq/6P4ZvusGZzjD6aL2NdgGdS5Cew==

function-bind@^1.1.1:
  version "1.1.1"
  resolved "https://registry.yarnpkg.com/function-bind/-/function-bind-1.1.1.tgz#a56899d3ea3c9bab874bb9773b7c5ede92f4895d"
  integrity sha512-yIovAzMX49sF8Yl58fSCWJ5svSLuaibPxXQJFLmBObTuCr0Mf1KiPopGM9NiFjiYBCbfaa2Fh6breQ6ANVTI0A==

graceful-fs@^4.1.2:
  version "4.2.2"
  resolved "https://registry.yarnpkg.com/graceful-fs/-/graceful-fs-4.2.2.tgz#6f0952605d0140c1cfdb138ed005775b92d67b02"
  integrity sha512-IItsdsea19BoLC7ELy13q1iJFNmd7ofZH5+X/pJr90/nRoPEX0DJo1dHDbgtYWOhJhcCgMDTOw84RZ72q6lB+Q==

has-symbols@^1.0.0:
  version "1.0.0"
  resolved "https://registry.yarnpkg.com/has-symbols/-/has-symbols-1.0.0.tgz#ba1a8f1af2a0fc39650f5c850367704122063b44"
  integrity sha1-uhqPGvKg/DllD1yFA2dwQSIGO0Q=

has@^1.0.1, has@^1.0.3:
  version "1.0.3"
  resolved "https://registry.yarnpkg.com/has/-/has-1.0.3.tgz#722d7cbfc1f6aa8241f16dd814e011e1f41e8796"
  integrity sha512-f2dvO0VU6Oej7RkWJGrehjbzMAjFp5/VKPp5tTpWIV4JHHZK1/BxbFRtf/siA2SWTe09caDmVtYYzWEIbBS4zw==
  dependencies:
    function-bind "^1.1.1"

hosted-git-info@^2.1.4:
  version "2.8.4"
  resolved "https://registry.yarnpkg.com/hosted-git-info/-/hosted-git-info-2.8.4.tgz#44119abaf4bc64692a16ace34700fed9c03e2546"
  integrity sha512-pzXIvANXEFrc5oFFXRMkbLPQ2rXRoDERwDLyrcUxGhaZhgP54BBSl9Oheh7Vv0T090cszWBxPjkQQ5Sq1PbBRQ==

http-headers@^3.0.2:
  version "3.0.2"
  resolved "https://registry.yarnpkg.com/http-headers/-/http-headers-3.0.2.tgz#5147771292f0b39d6778d930a3a59a76fc7ef44d"
  integrity sha512-87E1I+2Wg4dxxz4rcxElo3dxO/w1ZtgL1yA0Sb6vH3qU16vRKq1NjWQv9SCY3ly2OQROcoxHZOUpmelS+k6wOw==
  dependencies:
    next-line "^1.1.0"

in-publish@^2.0.0:
  version "2.0.0"
  resolved "https://registry.yarnpkg.com/in-publish/-/in-publish-2.0.0.tgz#e20ff5e3a2afc2690320b6dc552682a9c7fadf51"
  integrity sha1-4g/146KvwmkDILbcVSaCqcf631E=

inherits@^2.0.3:
  version "2.0.4"
  resolved "https://registry.yarnpkg.com/inherits/-/inherits-2.0.4.tgz#0fa2c64f932917c3433a0ded55363aae37416b7c"
  integrity sha512-k/vGaX4/Yla3WzyMCvTQOXYeIHvqOKtnqBduzTHpzpQZzAskKMhZ2K+EnBiSM9zGSoIFeMpXKxa4dYeZIQqewQ==

is-arrayish@^0.2.1:
  version "0.2.1"
  resolved "https://registry.yarnpkg.com/is-arrayish/-/is-arrayish-0.2.1.tgz#77c99840527aa8ecb1a8ba697b80645a7a926a9d"
  integrity sha1-d8mYQFJ6qOyxqLppe4BkWnqSap0=

is-callable@^1.1.4:
  version "1.1.4"
  resolved "https://registry.yarnpkg.com/is-callable/-/is-callable-1.1.4.tgz#1e1adf219e1eeb684d691f9d6a05ff0d30a24d75"
  integrity sha512-r5p9sxJjYnArLjObpjA4xu5EKI3CuKHkJXMhT7kwbpUyIFD1n5PMAsoPvWnvtZiNz7LjkYDRZhd7FlI0eMijEA==

is-date-object@^1.0.1:
  version "1.0.1"
  resolved "https://registry.yarnpkg.com/is-date-object/-/is-date-object-1.0.1.tgz#9aa20eb6aeebbff77fbd33e74ca01b33581d3a16"
  integrity sha1-mqIOtq7rv/d/vTPnTKAbM1gdOhY=

is-finite@^1.0.0:
  version "1.0.2"
  resolved "https://registry.yarnpkg.com/is-finite/-/is-finite-1.0.2.tgz#cc6677695602be550ef11e8b4aa6305342b6d0aa"
  integrity sha1-zGZ3aVYCvlUO8R6LSqYwU0K20Ko=
  dependencies:
    number-is-nan "^1.0.0"

is-integer@^1.0.6:
  version "1.0.7"
  resolved "https://registry.yarnpkg.com/is-integer/-/is-integer-1.0.7.tgz#6bde81aacddf78b659b6629d629cadc51a886d5c"
  integrity sha1-a96Bqs3feLZZtmKdYpytxRqIbVw=
  dependencies:
    is-finite "^1.0.0"

is-native@^1.0.1:
  version "1.0.1"
  resolved "https://registry.yarnpkg.com/is-native/-/is-native-1.0.1.tgz#cd18cc162e8450d683b5babe79ac99c145449675"
  integrity sha1-zRjMFi6EUNaDtbq+eayZwUVElnU=
  dependencies:
    is-nil "^1.0.0"
    to-source-code "^1.0.0"

is-nil@^1.0.0:
  version "1.0.1"
  resolved "https://registry.yarnpkg.com/is-nil/-/is-nil-1.0.1.tgz#2daba29e0b585063875e7b539d071f5b15937969"
  integrity sha1-LauingtYUGOHXntTnQcfWxWTeWk=

is-regex@^1.0.4:
  version "1.0.4"
  resolved "https://registry.yarnpkg.com/is-regex/-/is-regex-1.0.4.tgz#5517489b547091b0930e095654ced25ee97e9491"
  integrity sha1-VRdIm1RwkbCTDglWVM7SXul+lJE=
  dependencies:
    has "^1.0.1"

is-secret@^1.0.0:
  version "1.2.1"
  resolved "https://registry.yarnpkg.com/is-secret/-/is-secret-1.2.1.tgz#04b9ca1880ea763049606cfe6c2a08a93f33abe3"
  integrity sha512-VtBantcgKL2a64fDeCmD1JlkHToh3v0bVOhyJZ5aGTjxtCgrdNcjaC9GaaRFXi19gA4/pYFpnuyoscIgQCFSMQ==

is-symbol@^1.0.2:
  version "1.0.2"
  resolved "https://registry.yarnpkg.com/is-symbol/-/is-symbol-1.0.2.tgz#a055f6ae57192caee329e7a860118b497a950f38"
  integrity sha512-HS8bZ9ox60yCJLH9snBpIwv9pYUAkcuLhSA1oero1UB5y9aiQpRA8y2ex945AOtCZL1lJDeIk3G5LthswI46Lw==
  dependencies:
    has-symbols "^1.0.0"

json-parse-better-errors@^1.0.1:
  version "1.0.2"
  resolved "https://registry.yarnpkg.com/json-parse-better-errors/-/json-parse-better-errors-1.0.2.tgz#bb867cfb3450e69107c131d1c514bab3dc8bcaa9"
  integrity sha512-mrqyZKfX5EhL7hvqcV6WG1yYjnjeuYDzDhhcAAUrq8Po85NBQBJP+ZDUT75qZQ98IkUoBqdkExkukOU7Ts2wrw==

load-json-file@^4.0.0:
  version "4.0.0"
  resolved "https://registry.yarnpkg.com/load-json-file/-/load-json-file-4.0.0.tgz#2f5f45ab91e33216234fd53adab668eb4ec0993b"
  integrity sha1-L19Fq5HjMhYjT9U62rZo607AmTs=
  dependencies:
    graceful-fs "^4.1.2"
    parse-json "^4.0.0"
    pify "^3.0.0"
    strip-bom "^3.0.0"

load-source-map@^1.0.0:
  version "1.0.0"
  resolved "https://registry.yarnpkg.com/load-source-map/-/load-source-map-1.0.0.tgz#318f49905ce8a709dfb7cc3f16f3efe3bcf1dd05"
  integrity sha1-MY9JkFzopwnft8w/FvPv47zx3QU=
  dependencies:
    in-publish "^2.0.0"
    semver "^5.3.0"
    source-map "^0.5.6"

locate-path@^3.0.0:
  version "3.0.0"
  resolved "https://registry.yarnpkg.com/locate-path/-/locate-path-3.0.0.tgz#dbec3b3ab759758071b58fe59fc41871af21400e"
  integrity sha512-7AO748wWnIhNqAuaty2ZWHkQHRSNfPVIsPIfwEOWO22AmaoVrWavlOcMR5nzTLNYvp36X220/maaRsrec1G65A==
  dependencies:
    p-locate "^3.0.0"
    path-exists "^3.0.0"

lru-cache@^4.0.0:
  version "4.1.5"
  resolved "https://registry.yarnpkg.com/lru-cache/-/lru-cache-4.1.5.tgz#8bbe50ea85bed59bc9e33dcab8235ee9bcf443cd"
  integrity sha512-sWZlbEP2OsHNkXrMl5GYk/jKk70MBng6UU4YI/qGDYbgf6YbP4EvmqISbXCoJiRKs+1bSpFHVgQxvJ17F2li5g==
  dependencies:
    pseudomap "^1.0.2"
    yallist "^2.1.2"

mapcap@^1.0.0:
  version "1.0.0"
  resolved "https://registry.yarnpkg.com/mapcap/-/mapcap-1.0.0.tgz#e8e29d04a160eaf8c92ec4bcbd2c5d07ed037e5a"
  integrity sha512-KcNlZSlFPx+r1jYZmxEbTVymG+dIctf10WmWkuhrhrblM+KMoF77HelwihL5cxYlORye79KoR4IlOOk99lUJ0g==

measured-core@^1.51.1:
  version "1.51.1"
  resolved "https://registry.yarnpkg.com/measured-core/-/measured-core-1.51.1.tgz#98989705c00bfb0d8a20e665a9f8d6e246a40518"
  integrity sha512-DZQP9SEwdqqYRvT2slMK81D/7xwdxXosZZBtLVfPSo6y5P672FBTbzHVdN4IQyUkUpcVOR9pIvtUy5Ryl7NKyg==
  dependencies:
    binary-search "^1.3.3"
    optional-js "^2.0.0"

measured-reporting@^1.51.1:
  version "1.51.1"
  resolved "https://registry.yarnpkg.com/measured-reporting/-/measured-reporting-1.51.1.tgz#6aeb209ad55edf3940e8afa75c8f97f541216b31"
  integrity sha512-JCt+2u6XT1I5lG3SuYqywE0e62DJuAzBcfMzWGUhIYtPQV2Vm4HiYt/durqmzsAbZV181CEs+o/jMKWJKkYIWw==
  dependencies:
    console-log-level "^1.4.1"
    mapcap "^1.0.0"
    measured-core "^1.51.1"
    optional-js "^2.0.0"

module-details-from-path@^1.0.3:
  version "1.0.3"
  resolved "https://registry.yarnpkg.com/module-details-from-path/-/module-details-from-path-1.0.3.tgz#114c949673e2a8a35e9d35788527aa37b679da2b"
  integrity sha1-EUyUlnPiqKNenTV4hSeqN7Z52is=

monitor-event-loop-delay@^1.0.0:
  version "1.0.0"
  resolved "https://registry.yarnpkg.com/monitor-event-loop-delay/-/monitor-event-loop-delay-1.0.0.tgz#b5ab78165a3bb93f2b275c50d01430c7f155d1f7"
  integrity sha512-YRIr1exCIfBDLZle8WHOfSo7Xg3M+phcZfq9Fx1L6Abo+atGp7cge5pM7PjyBn4s1oZI/BRD4EMrzQBbPpVb5Q==

ms@^2.1.1:
  version "2.1.2"
  resolved "https://registry.yarnpkg.com/ms/-/ms-2.1.2.tgz#d09d1f357b443f493382a8eb3ccd183872ae6009"
  integrity sha512-sGkPx+VjMtmA6MX27oA4FBFELFCZZ4S4XqeGOXCv68tT+jb3vk/RyaKWP0PTKyWtmLSM0b+adUTEvbs1PEaH2w==

next-line@^1.1.0:
  version "1.1.0"
  resolved "https://registry.yarnpkg.com/next-line/-/next-line-1.1.0.tgz#fcae57853052b6a9bae8208e40dd7d3c2d304603"
  integrity sha1-/K5XhTBStqm66CCOQN19PC0wRgM=

normalize-package-data@^2.3.2:
  version "2.5.0"
  resolved "https://registry.yarnpkg.com/normalize-package-data/-/normalize-package-data-2.5.0.tgz#e66db1838b200c1dfc233225d12cb36520e234a8"
  integrity sha512-/5CMN3T0R4XTj4DcGaexo+roZSdSFW/0AOOTROrjxzCG1wrWXEsGbRKevjlIL+ZDE4sZlJr5ED4YW0yqmkK+eA==
  dependencies:
    hosted-git-info "^2.1.4"
    resolve "^1.10.0"
    semver "2 || 3 || 4 || 5"
    validate-npm-package-license "^3.0.1"

number-is-nan@^1.0.0:
  version "1.0.1"
  resolved "https://registry.yarnpkg.com/number-is-nan/-/number-is-nan-1.0.1.tgz#097b602b53422a522c1afb8790318336941a011d"
  integrity sha1-CXtgK1NCKlIsGvuHkDGDNpQaAR0=

object-filter-sequence@^1.0.0:
  version "1.0.0"
  resolved "https://registry.yarnpkg.com/object-filter-sequence/-/object-filter-sequence-1.0.0.tgz#10bb05402fff100082b80d7e83991b10db411692"
  integrity sha512-CsubGNxhIEChNY4cXYuA6KXafztzHqzLLZ/y3Kasf3A+sa3lL9thq3z+7o0pZqzEinjXT6lXDPAfVWI59dUyzQ==

object-identity-map@^1.0.2:
  version "1.0.2"
  resolved "https://registry.yarnpkg.com/object-identity-map/-/object-identity-map-1.0.2.tgz#2b4213a4285ca3a8cd2e696782c9964f887524e7"
  integrity sha512-a2XZDGyYTngvGS67kWnqVdpoaJWsY7C1GhPJvejWAFCsUioTAaiTu8oBad7c6cI4McZxr4CmvnZeycK05iav5A==
  dependencies:
    object.entries "^1.1.0"

object-inspect@^1.6.0:
  version "1.6.0"
  resolved "https://registry.yarnpkg.com/object-inspect/-/object-inspect-1.6.0.tgz#c70b6cbf72f274aab4c34c0c82f5167bf82cf15b"
  integrity sha512-GJzfBZ6DgDAmnuaM3104jR4s1Myxr3Y3zfIyN4z3UdqN69oSRacNK8UhnobDdC+7J2AHCjGwxQubNJfE70SXXQ==

object-keys@^1.0.12, object-keys@^1.1.1:
  version "1.1.1"
  resolved "https://registry.yarnpkg.com/object-keys/-/object-keys-1.1.1.tgz#1c47f272df277f3b1daf061677d9c82e2322c60e"
  integrity sha512-NuAESUOUMrlIXOfHKzD6bpPu3tYt3xvjNdRIQ+FeT0lNb4K8WR70CaDxhuNguS2XG+GjkyMwOzsN5ZktImfhLA==

object.entries@^1.0.4, object.entries@^1.1.0:
  version "1.1.0"
  resolved "https://registry.yarnpkg.com/object.entries/-/object.entries-1.1.0.tgz#2024fc6d6ba246aee38bdb0ffd5cfbcf371b7519"
  integrity sha512-l+H6EQ8qzGRxbkHOd5I/aHRhHDKoQXQ8g0BYt4uSweQU1/J6dZUOyWh9a2Vky35YCKjzmgxOzta2hH6kf9HuXA==
  dependencies:
    define-properties "^1.1.3"
    es-abstract "^1.12.0"
    function-bind "^1.1.1"
    has "^1.0.3"

once@^1.3.1, once@^1.4.0:
  version "1.4.0"
  resolved "https://registry.yarnpkg.com/once/-/once-1.4.0.tgz#583b1aa775961d4b113ac17d9c50baef9dd76bd1"
  integrity sha1-WDsap3WWHUsROsF9nFC6753Xa9E=
  dependencies:
    wrappy "1"

opentracing@^0.14.3:
  version "0.14.4"
  resolved "https://registry.yarnpkg.com/opentracing/-/opentracing-0.14.4.tgz#a113408ea740da3a90fde5b3b0011a375c2e4268"
  integrity sha512-nNnZDkUNExBwEpb7LZaeMeQgvrlO8l4bgY/LvGNZCR0xG/dGWqHqjKrAmR5GUoYo0FIz38kxasvA1aevxWs2CA==

optional-js@^2.0.0:
  version "2.1.1"
  resolved "https://registry.yarnpkg.com/optional-js/-/optional-js-2.1.1.tgz#c2dc519ad119648510b4d241dbb60b1167c36a46"
  integrity sha512-mUS4bDngcD5kKzzRUd1HVQkr9Lzzby3fSrrPR9wOHhQiyYo+hDS5NVli5YQzGjQRQ15k5Sno4xH9pfykJdeEUA==

original-url@^1.2.3:
  version "1.2.3"
  resolved "https://registry.yarnpkg.com/original-url/-/original-url-1.2.3.tgz#133aff4b2d27e38a98d736f7629c56262b7153e1"
  integrity sha512-BYm+pKYLtS4mVe/mgT3YKGtWV5HzN/XKiaIu1aK4rsxyjuHeTW9N+xVBEpJcY1onB3nccfH0RbzUEoimMqFUHQ==
  dependencies:
    forwarded-parse "^2.1.0"

p-limit@^2.0.0:
  version "2.2.1"
  resolved "https://registry.yarnpkg.com/p-limit/-/p-limit-2.2.1.tgz#aa07a788cc3151c939b5131f63570f0dd2009537"
  integrity sha512-85Tk+90UCVWvbDavCLKPOLC9vvY8OwEX/RtKF+/1OADJMVlFfEHOiMTPVyxg7mk/dKa+ipdHm0OUkTvCpMTuwg==
  dependencies:
    p-try "^2.0.0"

p-locate@^3.0.0:
  version "3.0.0"
  resolved "https://registry.yarnpkg.com/p-locate/-/p-locate-3.0.0.tgz#322d69a05c0264b25997d9f40cd8a891ab0064a4"
  integrity sha512-x+12w/To+4GFfgJhBEpiDcLozRJGegY+Ei7/z0tSLkMmxGZNybVMSfWj9aJn8Z5Fc7dBUNJOOVgPv2H7IwulSQ==
  dependencies:
    p-limit "^2.0.0"

p-try@^2.0.0:
  version "2.2.0"
  resolved "https://registry.yarnpkg.com/p-try/-/p-try-2.2.0.tgz#cb2868540e313d61de58fafbe35ce9004d5540e6"
  integrity sha512-R4nPAVTAU0B9D35/Gk3uJf/7XYbQcyohSKdvAxIRSNghFl4e71hVoGnBNQz9cWaXxO2I10KTC+3jMdvvoKw6dQ==

parse-json@^4.0.0:
  version "4.0.0"
  resolved "https://registry.yarnpkg.com/parse-json/-/parse-json-4.0.0.tgz#be35f5425be1f7f6c747184f98a788cb99477ee0"
  integrity sha1-vjX1Qlvh9/bHRxhPmKeIy5lHfuA=
  dependencies:
    error-ex "^1.3.1"
    json-parse-better-errors "^1.0.1"

path-exists@^3.0.0:
  version "3.0.0"
  resolved "https://registry.yarnpkg.com/path-exists/-/path-exists-3.0.0.tgz#ce0ebeaa5f78cb18925ea7d810d7b59b010fd515"
  integrity sha1-zg6+ql94yxiSXqfYENe1mwEP1RU=

path-parse@^1.0.6:
  version "1.0.6"
  resolved "https://registry.yarnpkg.com/path-parse/-/path-parse-1.0.6.tgz#d62dbb5679405d72c4737ec58600e9ddcf06d24c"
  integrity sha512-GSmOT2EbHrINBf9SR7CDELwlJ8AENk3Qn7OikK4nFYAu3Ote2+JYNVvkpAEQm3/TLNEJFD/xZJjzyxg3KBWOzw==

path-type@^3.0.0:
  version "3.0.0"
  resolved "https://registry.yarnpkg.com/path-type/-/path-type-3.0.0.tgz#cef31dc8e0a1a3bb0d105c0cd97cf3bf47f4e36f"
  integrity sha512-T2ZUsdZFHgA3u4e5PfPbjd7HDDpxPnQb5jN0SrDsjNSuVXHJqtwTnWqG0B1jZrgmJ/7lj1EmVIByWt1gxGkWvg==
  dependencies:
    pify "^3.0.0"

pify@^3.0.0:
  version "3.0.0"
  resolved "https://registry.yarnpkg.com/pify/-/pify-3.0.0.tgz#e5a4acd2c101fdf3d9a4d07f0dbc4db49dd28176"
  integrity sha1-5aSs0sEB/fPZpNB/DbxNtJ3SgXY=

pseudomap@^1.0.2:
  version "1.0.2"
  resolved "https://registry.yarnpkg.com/pseudomap/-/pseudomap-1.0.2.tgz#f052a28da70e618917ef0a8ac34c1ae5a68286b3"
  integrity sha1-8FKijacOYYkX7wqKw0wa5aaChrM=

pump@^3.0.0:
  version "3.0.0"
  resolved "https://registry.yarnpkg.com/pump/-/pump-3.0.0.tgz#b4a2116815bde2f4e1ea602354e8c75565107a64"
  integrity sha512-LwZy+p3SFs1Pytd/jYct4wpv49HiYCqd9Rlc5ZVdk0V+8Yzv6jR5Blk3TRmPL1ft69TxP0IMZGJ+WPFU2BFhww==
  dependencies:
    end-of-stream "^1.1.0"
    once "^1.3.1"

random-poly-fill@^1.0.1:
  version "1.0.1"
  resolved "https://registry.yarnpkg.com/random-poly-fill/-/random-poly-fill-1.0.1.tgz#13634dc0255a31ecf85d4a182d92c40f9bbcf5ed"
  integrity sha512-bMOL0hLfrNs52+EHtIPIXxn2PxYwXb0qjnKruTjXiM/sKfYqj506aB2plFwWW1HN+ri724bAVVGparh4AtlJKw==

read-pkg-up@^4.0.0:
  version "4.0.0"
  resolved "https://registry.yarnpkg.com/read-pkg-up/-/read-pkg-up-4.0.0.tgz#1b221c6088ba7799601c808f91161c66e58f8978"
  integrity sha512-6etQSH7nJGsK0RbG/2TeDzZFa8shjQ1um+SwQQ5cwKy0dhSXdOncEhb1CPpvQG4h7FyOV6EB6YlV0yJvZQNAkA==
  dependencies:
    find-up "^3.0.0"
    read-pkg "^3.0.0"

read-pkg@^3.0.0:
  version "3.0.0"
  resolved "https://registry.yarnpkg.com/read-pkg/-/read-pkg-3.0.0.tgz#9cbc686978fee65d16c00e2b19c237fcf6e38389"
  integrity sha1-nLxoaXj+5l0WwA4rGcI3/Pbjg4k=
  dependencies:
    load-json-file "^4.0.0"
    normalize-package-data "^2.3.2"
    path-type "^3.0.0"

readable-stream@^3.0.6, readable-stream@^3.4.0:
  version "3.4.0"
  resolved "https://registry.yarnpkg.com/readable-stream/-/readable-stream-3.4.0.tgz#a51c26754658e0a3c21dbf59163bd45ba6f447fc"
  integrity sha512-jItXPLmrSR8jmTRmRWJXCnGJsfy85mB3Wd/uINMXA65yrnFo0cPClFIUWzo2najVNSl+mx7/4W8ttlLWJe99pQ==
  dependencies:
    inherits "^2.0.3"
    string_decoder "^1.1.1"
    util-deprecate "^1.0.1"

redact-secrets@^1.0.0:
  version "1.0.0"
  resolved "https://registry.yarnpkg.com/redact-secrets/-/redact-secrets-1.0.0.tgz#60f1db56924fe90a203ba8ccb39283cdbb0d907c"
  integrity sha1-YPHbVpJP6QogO6jMs5KDzbsNkHw=
  dependencies:
    is-secret "^1.0.0"
    traverse "^0.6.6"

relative-microtime@^2.0.0:
  version "2.0.0"
  resolved "https://registry.yarnpkg.com/relative-microtime/-/relative-microtime-2.0.0.tgz#cceed2af095ecd72ea32011279c79e5fcc7de29b"
  integrity sha512-l18ha6HEZc+No/uK4GyAnNxgKW7nvEe35IaeN54sShMojtqik2a6GbTyuiezkjpPaqP874Z3lW5ysBo5irz4NA==

require-ancestors@^1.0.0:
  version "1.0.0"
  resolved "https://registry.yarnpkg.com/require-ancestors/-/require-ancestors-1.0.0.tgz#807831f8f8081fb12863da81ddb15c8f2a73a004"
  integrity sha512-Nqeo9Gfp0KvnxTixnxLGEbThMAi+YYgnwRoigtOs1Oo3eGBYfqCd3dagq1vBCVVuc1EnIt3Eu1eGemwOOEZozw==

require-in-the-middle@^5.0.0:
  version "5.0.0"
  resolved "https://registry.yarnpkg.com/require-in-the-middle/-/require-in-the-middle-5.0.0.tgz#7e352bc7361cd79f6c2fe2bab1620b3458527878"
  integrity sha512-92TmKFoE6qS0AbZvHPekkgon45OY5bbHl4+cCHm0qBx8+ktV9gEAQoYtuB1ArJnTbqb0020bn5Co9QzjsGkyJg==
  dependencies:
    debug "^4.1.1"
    module-details-from-path "^1.0.3"
    resolve "^1.12.0"

resolve@^1.10.0, resolve@^1.12.0:
  version "1.12.0"
  resolved "https://registry.yarnpkg.com/resolve/-/resolve-1.12.0.tgz#3fc644a35c84a48554609ff26ec52b66fa577df6"
  integrity sha512-B/dOmuoAik5bKcD6s6nXDCjzUKnaDvdkRyAk6rsmsKLipWj4797iothd7jmmUhWTfinVMU+wc56rYKsit2Qy4w==
  dependencies:
    path-parse "^1.0.6"

safe-buffer@5.1.2:
  version "5.1.2"
  resolved "https://registry.yarnpkg.com/safe-buffer/-/safe-buffer-5.1.2.tgz#991ec69d296e0313747d59bdfd2b745c35f8828d"
  integrity sha512-Gd2UZBJDkXlY7GbJxfsE8/nvKkUEU1G38c1siN6QP6a9PT9MmHB8GnpscSmMJSoF8LOIrt8ud/wPtojys4G6+g==

safe-buffer@~5.2.0:
  version "5.2.0"
  resolved "https://registry.yarnpkg.com/safe-buffer/-/safe-buffer-5.2.0.tgz#b74daec49b1148f88c64b68d49b1e815c1f2f519"
  integrity sha512-fZEwUGbVl7kouZs1jCdMLdt95hdIv0ZeHg6L7qPeciMZhZ+/gdesW4wgTARkrFWEpspjEATAzUGPG8N2jJiwbg==

"semver@2 || 3 || 4 || 5", semver@^5.3.0:
  version "5.7.1"
  resolved "https://registry.yarnpkg.com/semver/-/semver-5.7.1.tgz#a954f931aeba508d307bbf069eff0c01c96116f7"
  integrity sha512-sauaDf/PZdVgrLTNYHRtpXa1iRiKcaebiKQ1BJdpQlWH2lCvexQdX55snPFyK7QzpudqbCI0qXFfOasHdyNDGQ==

semver@^6.1.1:
  version "6.3.0"
  resolved "https://registry.yarnpkg.com/semver/-/semver-6.3.0.tgz#ee0a64c8af5e8ceea67687b133761e1becbd1d3d"
  integrity sha512-b39TBaTSfV6yBrapU89p5fKekE2m/NwnDocOVruQFS1/veMgdzuPcnOM34M6CwxW8jH/lxEa5rBoDeUwu5HHTw==

set-cookie-serde@^1.0.0:
  version "1.0.0"
  resolved "https://registry.yarnpkg.com/set-cookie-serde/-/set-cookie-serde-1.0.0.tgz#bcf9c260ed2212ac4005a53eacbaaa37c07ac452"
  integrity sha512-Vq8e5GsupfJ7okHIvEPcfs5neCo7MZ1ZuWrO3sllYi3DOWt6bSSCpADzqXjz3k0fXehnoFIrmmhty9IN6U6BXQ==

source-map@^0.5.6:
  version "0.5.7"
  resolved "https://registry.yarnpkg.com/source-map/-/source-map-0.5.7.tgz#8a039d2d1021d22d1ea14c80d8ea468ba2ef3fcc"
  integrity sha1-igOdLRAh0i0eoUyA2OpGi6LvP8w=

spdx-correct@^3.0.0:
  version "3.1.0"
  resolved "https://registry.yarnpkg.com/spdx-correct/-/spdx-correct-3.1.0.tgz#fb83e504445268f154b074e218c87c003cd31df4"
  integrity sha512-lr2EZCctC2BNR7j7WzJ2FpDznxky1sjfxvvYEyzxNyb6lZXHODmEoJeFu4JupYlkfha1KZpJyoqiJ7pgA1qq8Q==
  dependencies:
    spdx-expression-parse "^3.0.0"
    spdx-license-ids "^3.0.0"

spdx-exceptions@^2.1.0:
  version "2.2.0"
  resolved "https://registry.yarnpkg.com/spdx-exceptions/-/spdx-exceptions-2.2.0.tgz#2ea450aee74f2a89bfb94519c07fcd6f41322977"
  integrity sha512-2XQACfElKi9SlVb1CYadKDXvoajPgBVPn/gOQLrTvHdElaVhr7ZEbqJaRnJLVNeaI4cMEAgVCeBMKF6MWRDCRA==

spdx-expression-parse@^3.0.0:
  version "3.0.0"
  resolved "https://registry.yarnpkg.com/spdx-expression-parse/-/spdx-expression-parse-3.0.0.tgz#99e119b7a5da00e05491c9fa338b7904823b41d0"
  integrity sha512-Yg6D3XpRD4kkOmTpdgbUiEJFKghJH03fiC1OPll5h/0sO6neh2jqRDVHOQ4o/LMea0tgCkbMgea5ip/e+MkWyg==
  dependencies:
    spdx-exceptions "^2.1.0"
    spdx-license-ids "^3.0.0"

spdx-license-ids@^3.0.0:
  version "3.0.5"
  resolved "https://registry.yarnpkg.com/spdx-license-ids/-/spdx-license-ids-3.0.5.tgz#3694b5804567a458d3c8045842a6358632f62654"
  integrity sha512-J+FWzZoynJEXGphVIS+XEh3kFSjZX/1i9gFBaWQcB+/tmpe2qUsSBABpcxqxnAxFdiUFEgAX1bjYGQvIZmoz9Q==

sql-summary@^1.0.1:
  version "1.0.1"
  resolved "https://registry.yarnpkg.com/sql-summary/-/sql-summary-1.0.1.tgz#a2dddb5435bae294eb11424a7330dc5bafe09c2b"
  integrity sha512-IpCr2tpnNkP3Jera4ncexsZUp0enJBLr+pHCyTweMUBrbJsTgQeLWx1FXLhoBj/MvcnUQpkgOn2EY8FKOkUzww==

stackframe@^0.3.1:
  version "0.3.1"
  resolved "https://registry.yarnpkg.com/stackframe/-/stackframe-0.3.1.tgz#33aa84f1177a5548c8935533cbfeb3420975f5a4"
  integrity sha1-M6qE8Rd6VUjIk1Uzy/6zQgl19aQ=

stackman@^4.0.0:
  version "4.0.0"
  resolved "https://registry.yarnpkg.com/stackman/-/stackman-4.0.0.tgz#3ccdc8682fee36373ed2492dc3dad546eb44647d"
  integrity sha512-JHhUxla4KkXVzPRJoBdIolVbXWBv2qIUe/XdsH9/fkXCgsIdFhCny91tqy9Zld66ROj+dZ0E54l/I3vL3y3Uiw==
  dependencies:
    after-all-results "^2.0.0"
    async-cache "^1.1.0"
    debug "^4.1.1"
    error-callsites "^2.0.2"
    load-source-map "^1.0.0"

stream-chopper@^3.0.1:
  version "3.0.1"
  resolved "https://registry.yarnpkg.com/stream-chopper/-/stream-chopper-3.0.1.tgz#73791ae7bf954c297d6683aec178648efc61dd75"
  integrity sha512-f7h+ly8baAE26iIjcp3VbnBkbIRGtrvV0X0xxFM/d7fwLTYnLzDPTXRKNxa2HZzohOrc96NTrR+FaV3mzOelNA==
  dependencies:
    readable-stream "^3.0.6"

string.prototype.trimleft@^2.0.0:
  version "2.1.0"
  resolved "https://registry.yarnpkg.com/string.prototype.trimleft/-/string.prototype.trimleft-2.1.0.tgz#6cc47f0d7eb8d62b0f3701611715a3954591d634"
  integrity sha512-FJ6b7EgdKxxbDxc79cOlok6Afd++TTs5szo+zJTUyow3ycrRfJVE2pq3vcN53XexvKZu/DJMDfeI/qMiZTrjTw==
  dependencies:
    define-properties "^1.1.3"
    function-bind "^1.1.1"

string.prototype.trimright@^2.0.0:
  version "2.1.0"
  resolved "https://registry.yarnpkg.com/string.prototype.trimright/-/string.prototype.trimright-2.1.0.tgz#669d164be9df9b6f7559fa8e89945b168a5a6c58"
  integrity sha512-fXZTSV55dNBwv16uw+hh5jkghxSnc5oHq+5K/gXgizHwAvMetdAJlHqqoFC1FSDVPYWLkAKl2cxpUT41sV7nSg==
  dependencies:
    define-properties "^1.1.3"
    function-bind "^1.1.1"

string_decoder@^1.1.1:
  version "1.3.0"
  resolved "https://registry.yarnpkg.com/string_decoder/-/string_decoder-1.3.0.tgz#42f114594a46cf1a8e30b0a84f56c78c3edac21e"
  integrity sha512-hkRX8U1WjJFd8LsDJ2yQ/wWWxaopEsABU1XfkM8A+j0+85JAGppt16cr1Whg6KIbb4okU6Mql6BOj+uup/wKeA==
  dependencies:
    safe-buffer "~5.2.0"

strip-bom@^3.0.0:
  version "3.0.0"
  resolved "https://registry.yarnpkg.com/strip-bom/-/strip-bom-3.0.0.tgz#2334c18e9c759f7bdd56fdef7e9ae3d588e68ed3"
  integrity sha1-IzTBjpx1n3vdVv3vfprj1YjmjtM=

to-source-code@^1.0.0:
  version "1.0.2"
  resolved "https://registry.yarnpkg.com/to-source-code/-/to-source-code-1.0.2.tgz#dd136bdb1e1dbd80bbeacf088992678e9070bfea"
  integrity sha1-3RNr2x4dvYC76s8IiZJnjpBwv+o=
  dependencies:
    is-nil "^1.0.0"

traceparent@^1.0.0:
  version "1.0.0"
  resolved "https://registry.yarnpkg.com/traceparent/-/traceparent-1.0.0.tgz#9b14445cdfe5c19f023f1c04d249c3d8e003a5ce"
  integrity sha512-b/hAbgx57pANQ6cg2eBguY3oxD6FGVLI1CC2qoi01RmHR7AYpQHPXTig9FkzbWohEsVuHENZHP09aXuw3/LM+w==
  dependencies:
    random-poly-fill "^1.0.1"

traverse@^0.6.6:
  version "0.6.6"
  resolved "https://registry.yarnpkg.com/traverse/-/traverse-0.6.6.tgz#cbdf560fd7b9af632502fed40f918c157ea97137"
  integrity sha1-y99WD9e5r2MlAv7UD5GMFX6pcTc=

unicode-byte-truncate@^1.0.0:
  version "1.0.0"
  resolved "https://registry.yarnpkg.com/unicode-byte-truncate/-/unicode-byte-truncate-1.0.0.tgz#aa6f0f3475193fe20c320ac9213e36e62e8764a7"
  integrity sha1-qm8PNHUZP+IMMgrJIT425i6HZKc=
  dependencies:
    is-integer "^1.0.6"
    unicode-substring "^0.1.0"

unicode-substring@^0.1.0:
  version "0.1.0"
  resolved "https://registry.yarnpkg.com/unicode-substring/-/unicode-substring-0.1.0.tgz#6120ce3c390385dbcd0f60c32b9065c4181d4b36"
  integrity sha1-YSDOPDkDhdvND2DDK5BlxBgdSzY=

util-deprecate@^1.0.1:
  version "1.0.2"
  resolved "https://registry.yarnpkg.com/util-deprecate/-/util-deprecate-1.0.2.tgz#450d4dc9fa70de732762fbd2d4a28981419a0ccf"
  integrity sha1-RQ1Nyfpw3nMnYvvS1KKJgUGaDM8=

uuid@^3.1.0:
  version "3.3.3"
  resolved "https://registry.yarnpkg.com/uuid/-/uuid-3.3.3.tgz#4568f0216e78760ee1dbf3a4d2cf53e224112866"
  integrity sha512-pW0No1RGHgzlpHJO1nsVrHKpOEIxkGg1xB+v0ZmdNH5OAeAwzAVrCnI2/6Mtx+Uys6iaylxa+D3g4j63IKKjSQ==

validate-npm-package-license@^3.0.1:
  version "3.0.4"
  resolved "https://registry.yarnpkg.com/validate-npm-package-license/-/validate-npm-package-license-3.0.4.tgz#fc91f6b9c7ba15c857f4cb2c5defeec39d4f410a"
  integrity sha512-DpKm2Ui/xN7/HQKCtpZxoRWBhZ9Z0kqtygG8XCgNQ8ZlDnxuQmWhj566j8fN4Cu3/JmbhsDo7fcAJq4s9h27Ew==
  dependencies:
    spdx-correct "^3.0.0"
    spdx-expression-parse "^3.0.0"

wrappy@1:
  version "1.0.2"
  resolved "https://registry.yarnpkg.com/wrappy/-/wrappy-1.0.2.tgz#b5243d8f3ec1aa35f1364605bc0d1036e30ab69f"
  integrity sha1-tSQ9jz7BqjXxNkYFvA0QNuMKtp8=

yallist@^2.1.2:
  version "2.1.2"
  resolved "https://registry.yarnpkg.com/yallist/-/yallist-2.1.2.tgz#1c11f9218f076089a47dd512f93c6699a6a81d52"
  integrity sha1-HBH5IY8HYImkfdUS+TxmmaaoHVI=
